
Microsoft Visual Studio Solution File, Format Version 12.00
# Visual Studio Version 16
VisualStudioVersion = 16.0.31613.86
MinimumVisualStudioVersion = 10.0.40219.1
Project("{FAE04EC0-301F-11D3-BF4B-00C04F79EFBC}") = "Parser", "Parser\Parser.csproj", "{1DAC8E34-EC55-45CC-BF67-26CCFFDEEE16}"
EndProject
Project("{FAE04EC0-301F-11D3-BF4B-00C04F79EFBC}") = "ParserTests", "ParserTests\ParserTests.csproj", "{69F65804-F373-4876-B388-801503EDAF87}"
EndProject
Global
	GlobalSection(SolutionConfigurationPlatforms) = preSolution
		Debug|Any CPU = Debug|Any CPU
		Release|Any CPU = Release|Any CPU
	EndGlobalSection
	GlobalSection(ProjectConfigurationPlatforms) = postSolution
		{1DAC8E34-EC55-45CC-BF67-26CCFFDEEE16}.Debug|Any CPU.ActiveCfg = Debug|Any CPU
		{1DAC8E34-EC55-45CC-BF67-26CCFFDEEE16}.Debug|Any CPU.Build.0 = Debug|Any CPU
		{1DAC8E34-EC55-45CC-BF67-26CCFFDEEE16}.Release|Any CPU.ActiveCfg = Release|Any CPU
		{1DAC8E34-EC55-45CC-BF67-26CCFFDEEE16}.Release|Any CPU.Build.0 = Release|Any CPU
		{69F65804-F373-4876-B388-801503EDAF87}.Debug|Any CPU.ActiveCfg = Debug|Any CPU
		{69F65804-F373-4876-B388-801503EDAF87}.Debug|Any CPU.Build.0 = Debug|Any CPU
		{69F65804-F373-4876-B388-801503EDAF87}.Release|Any CPU.ActiveCfg = Release|Any CPU
		{69F65804-F373-4876-B388-801503EDAF87}.Release|Any CPU.Build.0 = Release|Any CPU
	EndGlobalSection
	GlobalSection(SolutionProperties) = preSolution
		HideSolutionNode = FALSE
	EndGlobalSection
	GlobalSection(ExtensibilityGlobals) = postSolution
		SolutionGuid = {77943F92-5477-445D-9847-9101F9D0EE49}
	EndGlobalSection
EndGlobal
