
Microsoft Visual Studio Solution File, Format Version 12.00
# Visual Studio Version 16
VisualStudioVersion = 16.0.31613.86
MinimumVisualStudioVersion = 10.0.40219.1
Project("{9A19103F-16F7-4668-BE54-9A1E7A4F7556}") = "HornClause", "HornClause\HornClause.csproj", "{B6F5EB42-71D6-4EB9-AD0E-DDA3A3C2D4A2}"
EndProject
Project("{FAE04EC0-301F-11D3-BF4B-00C04F79EFBC}") = "Tests", "Tests\Tests.csproj", "{571C6D44-1BD1-425B-ABD6-81BF0774F566}"
EndProject
Global
	GlobalSection(SolutionConfigurationPlatforms) = preSolution
		Debug|Any CPU = Debug|Any CPU
		Release|Any CPU = Release|Any CPU
	EndGlobalSection
	GlobalSection(ProjectConfigurationPlatforms) = postSolution
		{B6F5EB42-71D6-4EB9-AD0E-DDA3A3C2D4A2}.Debug|Any CPU.ActiveCfg = Debug|Any CPU
		{B6F5EB42-71D6-4EB9-AD0E-DDA3A3C2D4A2}.Debug|Any CPU.Build.0 = Debug|Any CPU
		{B6F5EB42-71D6-4EB9-AD0E-DDA3A3C2D4A2}.Release|Any CPU.ActiveCfg = Release|Any CPU
		{B6F5EB42-71D6-4EB9-AD0E-DDA3A3C2D4A2}.Release|Any CPU.Build.0 = Release|Any CPU
		{571C6D44-1BD1-425B-ABD6-81BF0774F566}.Debug|Any CPU.ActiveCfg = Debug|Any CPU
		{571C6D44-1BD1-425B-ABD6-81BF0774F566}.Debug|Any CPU.Build.0 = Debug|Any CPU
		{571C6D44-1BD1-425B-ABD6-81BF0774F566}.Release|Any CPU.ActiveCfg = Release|Any CPU
		{571C6D44-1BD1-425B-ABD6-81BF0774F566}.Release|Any CPU.Build.0 = Release|Any CPU
	EndGlobalSection
	GlobalSection(SolutionProperties) = preSolution
		HideSolutionNode = FALSE
	EndGlobalSection
	GlobalSection(ExtensibilityGlobals) = postSolution
		SolutionGuid = {0DA4D2E6-9B43-4DAB-8260-A7AC9B0E3DD1}
	EndGlobalSection
EndGlobal
